
Microsoft Visual Studio Solution File, Format Version 12.00
# Visual Studio Version 17
VisualStudioVersion = 17.11.35327.3
MinimumVisualStudioVersion = 10.0.40219.1
Project("{FAE04EC0-301F-11D3-BF4B-00C04F79EFBC}") = "Game", "HeroClass\Game.csproj", "{1711BBA3-2A20-478C-92C2-FC771E9D3096}"
EndProject
Global
	GlobalSection(SolutionConfigurationPlatforms) = preSolution
		Debug|Any CPU = Debug|Any CPU
		Release|Any CPU = Release|Any CPU
	EndGlobalSection
	GlobalSection(ProjectConfigurationPlatforms) = postSolution
		{1711BBA3-2A20-478C-92C2-FC771E9D3096}.Debug|Any CPU.ActiveCfg = Debug|Any CPU
		{1711BBA3-2A20-478C-92C2-FC771E9D3096}.Debug|Any CPU.Build.0 = Debug|Any CPU
		{1711BBA3-2A20-478C-92C2-FC771E9D3096}.Release|Any CPU.ActiveCfg = Release|Any CPU
		{1711BBA3-2A20-478C-92C2-FC771E9D3096}.Release|Any CPU.Build.0 = Release|Any CPU
	EndGlobalSection
	GlobalSection(SolutionProperties) = preSolution
		HideSolutionNode = FALSE
	EndGlobalSection
	GlobalSection(ExtensibilityGlobals) = postSolution
		SolutionGuid = {1E7994AF-FCD1-49A8-8532-DFDC7C42232F}
	EndGlobalSection
EndGlobal
